
Microsoft Visual Studio Solution File, Format Version 12.00
Project("{2150E333-8FDC-42A3-9474-1A3956D46DE8}") = "Misc", "Misc", "{75708180-6EDF-4422-9BF4-459B065F4B54}"
	ProjectSection(SolutionItems) = preProject
		Directory.build.props = Directory.build.props
		.github\workflows\main.yml = .github\workflows\main.yml
	EndProjectSection
EndProject
Project("{FAE04EC0-301F-11D3-BF4B-00C04F79EFBC}") = "Main", "Main\Main.csproj", "{47696F67-EB7A-417C-8367-949957140188}"
EndProject
Global
	GlobalSection(SolutionConfigurationPlatforms) = preSolution
		Debug|Any CPU = Debug|Any CPU
		Release|Any CPU = Release|Any CPU
	EndGlobalSection
	GlobalSection(ProjectConfigurationPlatforms) = postSolution
		{47696F67-EB7A-417C-8367-949957140188}.Debug|Any CPU.ActiveCfg = Debug|Any CPU
		{47696F67-EB7A-417C-8367-949957140188}.Debug|Any CPU.Build.0 = Debug|Any CPU
		{47696F67-EB7A-417C-8367-949957140188}.Release|Any CPU.ActiveCfg = Release|Any CPU
		{47696F67-EB7A-417C-8367-949957140188}.Release|Any CPU.Build.0 = Release|Any CPU
	EndGlobalSection
EndGlobal
